
Microsoft Visual Studio Solution File, Format Version 12.00
# Visual Studio Version 17
VisualStudioVersion = 17.12.35527.113 d17.12
MinimumVisualStudioVersion = 10.0.40219.1
Project("{FAE04EC0-301F-11D3-BF4B-00C04F79EFBC}") = "Deymin", "Deymin\Deymin.csproj", "{577043F6-D2E6-4F1E-89CE-7F2E1E002363}"
EndProject
Global
	GlobalSection(SolutionConfigurationPlatforms) = preSolution
		Debug|Any CPU = Debug|Any CPU
		Release|Any CPU = Release|Any CPU
	EndGlobalSection
	GlobalSection(ProjectConfigurationPlatforms) = postSolution
		{577043F6-D2E6-4F1E-89CE-7F2E1E002363}.Debug|Any CPU.ActiveCfg = Debug|Any CPU
		{577043F6-D2E6-4F1E-89CE-7F2E1E002363}.Debug|Any CPU.Build.0 = Debug|Any CPU
		{577043F6-D2E6-4F1E-89CE-7F2E1E002363}.Release|Any CPU.ActiveCfg = Release|Any CPU
		{577043F6-D2E6-4F1E-89CE-7F2E1E002363}.Release|Any CPU.Build.0 = Release|Any CPU
	EndGlobalSection
	GlobalSection(SolutionProperties) = preSolution
		HideSolutionNode = FALSE
	EndGlobalSection
EndGlobal
